
Microsoft Visual Studio Solution File, Format Version 12.00
# Visual Studio Version 17
VisualStudioVersion = 17.0.31919.166
MinimumVisualStudioVersion = 10.0.40219.1
Project("{FAE04EC0-301F-11D3-BF4B-00C04F79EFBC}") = "GUItar HerOE", "GUItar HerOE\GUItar HerOE.csproj", "{34A55C0E-6AE1-4314-83D8-F71F2AFE1477}"
EndProject
Global
	GlobalSection(SolutionConfigurationPlatforms) = preSolution
		Debug|Any CPU = Debug|Any CPU
		Release|Any CPU = Release|Any CPU
	EndGlobalSection
	GlobalSection(ProjectConfigurationPlatforms) = postSolution
		{34A55C0E-6AE1-4314-83D8-F71F2AFE1477}.Debug|Any CPU.ActiveCfg = Debug|Any CPU
		{34A55C0E-6AE1-4314-83D8-F71F2AFE1477}.Debug|Any CPU.Build.0 = Debug|Any CPU
		{34A55C0E-6AE1-4314-83D8-F71F2AFE1477}.Release|Any CPU.ActiveCfg = Release|Any CPU
		{34A55C0E-6AE1-4314-83D8-F71F2AFE1477}.Release|Any CPU.Build.0 = Release|Any CPU
	EndGlobalSection
	GlobalSection(SolutionProperties) = preSolution
		HideSolutionNode = FALSE
	EndGlobalSection
	GlobalSection(ExtensibilityGlobals) = postSolution
		SolutionGuid = {E55B5411-4EDB-4E1B-9FE0-CE3DB7E7BD69}
	EndGlobalSection
EndGlobal
