
Microsoft Visual Studio Solution File, Format Version 12.00
# Visual Studio Version 17
VisualStudioVersion = 17.0.31919.166
MinimumVisualStudioVersion = 10.0.40219.1
Project("{9A19103F-16F7-4668-BE54-9A1E7A4F7556}") = "GUItar_HerOE", "GUItar_HerOE.csproj", "{ABEFE3D6-4889-4BCE-8343-0F89D77F1A54}"
EndProject
Global
	GlobalSection(SolutionConfigurationPlatforms) = preSolution
		Debug|Any CPU = Debug|Any CPU
		Release|Any CPU = Release|Any CPU
	EndGlobalSection
	GlobalSection(ProjectConfigurationPlatforms) = postSolution
		{ABEFE3D6-4889-4BCE-8343-0F89D77F1A54}.Debug|Any CPU.ActiveCfg = Debug|Any CPU
		{ABEFE3D6-4889-4BCE-8343-0F89D77F1A54}.Debug|Any CPU.Build.0 = Debug|Any CPU
		{ABEFE3D6-4889-4BCE-8343-0F89D77F1A54}.Release|Any CPU.ActiveCfg = Release|Any CPU
		{ABEFE3D6-4889-4BCE-8343-0F89D77F1A54}.Release|Any CPU.Build.0 = Release|Any CPU
	EndGlobalSection
	GlobalSection(SolutionProperties) = preSolution
		HideSolutionNode = FALSE
	EndGlobalSection
	GlobalSection(ExtensibilityGlobals) = postSolution
		SolutionGuid = {D8189566-BEFC-4BE9-9C43-020580F150BC}
	EndGlobalSection
EndGlobal
